
Microsoft Visual Studio Solution File, Format Version 12.00
# Visual Studio Version 17
VisualStudioVersion = 17.1.32228.430
MinimumVisualStudioVersion = 10.0.40219.1
Project("{FAE04EC0-301F-11D3-BF4B-00C04F79EFBC}") = "Siglton", "Siglton\Siglton.csproj", "{DD9219E8-24E3-4EF5-81A4-1BC673FDCAA0}"
EndProject
Global
	GlobalSection(SolutionConfigurationPlatforms) = preSolution
		Debug|Any CPU = Debug|Any CPU
		Release|Any CPU = Release|Any CPU
	EndGlobalSection
	GlobalSection(ProjectConfigurationPlatforms) = postSolution
		{DD9219E8-24E3-4EF5-81A4-1BC673FDCAA0}.Debug|Any CPU.ActiveCfg = Debug|Any CPU
		{DD9219E8-24E3-4EF5-81A4-1BC673FDCAA0}.Debug|Any CPU.Build.0 = Debug|Any CPU
		{DD9219E8-24E3-4EF5-81A4-1BC673FDCAA0}.Release|Any CPU.ActiveCfg = Release|Any CPU
		{DD9219E8-24E3-4EF5-81A4-1BC673FDCAA0}.Release|Any CPU.Build.0 = Release|Any CPU
	EndGlobalSection
	GlobalSection(SolutionProperties) = preSolution
		HideSolutionNode = FALSE
	EndGlobalSection
	GlobalSection(ExtensibilityGlobals) = postSolution
		SolutionGuid = {CC737283-E445-423C-B4B6-B4C0AB47E8D8}
	EndGlobalSection
EndGlobal
